lockfileVersion: '9.0'

settings:
  autoInstallPeers: true
  excludeLinksFromLockfile: false

importers:

  .:
    dependencies:
      pdf-lib:
        specifier: ^1.17.1
        version: 1.17.1
      pdfjs-dist:
        specifier: ^6.0.227
        version: 6.0.227

packages:

  '@napi-rs/canvas-android-arm64@1.0.1':
    resolution: {integrity: sha512-d7ZCwJsgH4QNG50C7HQeVRsRG1gRDa1UeDUb1jEcqgLuiEJp6GVbGiZkFXPlmt0dEs2QHRQCPJoOv+bOkSQR/w==}
    engines: {node: '>= 10'}
    cpu: [arm64]
    os: [android]

  '@napi-rs/canvas-darwin-arm64@1.0.1':
    resolution: {integrity: sha512-ppyVSzIHsVldc3B++mdh03ed0Q0hoVR2QDG9O/wEUR0PurJKwDEEYV87uBQDpbSumJBfLEINDndsOPzQj71qEQ==}
    engines: {node: '>= 10'}
    cpu: [arm64]
    os: [darwin]

  '@napi-rs/canvas-darwin-x64@1.0.1':
    resolution: {integrity: sha512-/BlXif9VOzf/WP32g9zxl612dO0KLvwqplBFqfRcyr3PyR5fhPrilTuJxSBq3zkwCKGKy82JsoPd2JeQI/HBlA==}
    engines: {node: '>= 10'}
    cpu: [x64]
    os: [darwin]

  '@napi-rs/canvas-linux-arm-gnueabihf@1.0.1':
    resolution: {integrity: sha512-JTGq93/Pje+iSNVjL+ggB0+pqEfu7nXvQGrHTvugz+Lp08wCDa5rjov4JeEljGDk16/inVBU9sp4N9f0/+o+9A==}
    engines: {node: '>= 10'}
    cpu: [arm]
    os: [linux]

  '@napi-rs/canvas-linux-arm64-gnu@1.0.1':
    resolution: {integrity: sha512-i74zqEh5yFmYwHkszFo+4EH4l5ATD4bSlJG21iW2j5kpqiN2b0WN9SG/xdq2O60MjZK0ZLSu3a/Z3aQAsmDQ5A==}
    engines: {node: '>= 10'}
    cpu: [arm64]
    os: [linux]
    libc: [glibc]

  '@napi-rs/canvas-linux-arm64-musl@1.0.1':
    resolution: {integrity: sha512-COqBxybXcKb6gNgEhjh04rPHrpsJB+n/5+p4ySPgQWl0i+xVNYHn4rvzCtUBIFqOgY6HEJ9UaP6c4W9EMwzfpQ==}
    engines: {node: '>= 10'}
    cpu: [arm64]
    os: [linux]
    libc: [musl]

  '@napi-rs/canvas-linux-riscv64-gnu@1.0.1':
    resolution: {integrity: sha512-1vdAZGpD85lMUo7K3qtEdoIWeMc0xcpUD5PagK3fVcMSdf8dkSL5bg/KE4Rwv5NF+PYx4plrgfn0KRMOqdKtwA==}
    engines: {node: '>= 10'}
    cpu: [riscv64]
    os: [linux]
    libc: [glibc]

  '@napi-rs/canvas-linux-x64-gnu@1.0.1':
    resolution: {integrity: sha512-W/iC2qJZGqKKQJ0JrNo3QkhoAy/PvzlmdYLW8Yz5/L6XgT5d7t26dnqgP2rCbL58P3CbPw7ES0Rz8OG0gn7JeQ==}
    engines: {node: '>= 10'}
    cpu: [x64]
    os: [linux]
    libc: [glibc]

  '@napi-rs/canvas-linux-x64-musl@1.0.1':
    resolution: {integrity: sha512-a5mmIVwxF92UGUe+1c7Ap32ZRnApbRMnQC/KgYyFB0AXZShBCHVGaURq+BDkiV7jvHhVwvvAP0Q/3aWNhqgVZg==}
    engines: {node: '>= 10'}
    cpu: [x64]
    os: [linux]
    libc: [musl]

  '@napi-rs/canvas-win32-arm64-msvc@1.0.1':
    resolution: {integrity: sha512-rVnDhVvcXlqcHMsgnxxhZgdRkRIqVBlx+FJwSAHi4VbWWwsowvV5ldFEecEHD2+Ac/IL3fNWF/LB5CZTghNwRA==}
    engines: {node: '>= 10'}
    cpu: [arm64]
    os: [win32]

  '@napi-rs/canvas-win32-x64-msvc@1.0.1':
    resolution: {integrity: sha512-UMstkP/nZHbithgdSJv1EvYVrYhdao5B5N3szMVU2i5/b6ijMcVPXOEyrk0QXl0iPjv8Hkoow+Tap+MiOxppOQ==}
    engines: {node: '>= 10'}
    cpu: [x64]
    os: [win32]

  '@napi-rs/canvas@1.0.1':
    resolution: {integrity: sha512-mPD43G7pXbQhIGa7z4IpT/vXm1jbF8cBM1oY5UqjL8LSaTCNGhNi2Lidc/0+LwKbNiqbv/Tq0JlBRwKu+LW3iw==}
    engines: {node: '>= 10'}

  '@pdf-lib/standard-fonts@1.0.0':
    resolution: {integrity: sha512-hU30BK9IUN/su0Mn9VdlVKsWBS6GyhVfqjwl1FjZN4TxP6cCw0jP2w7V3Hf5uX7M0AZJ16vey9yE0ny7Sa59ZA==}

  '@pdf-lib/upng@1.0.1':
    resolution: {integrity: sha512-dQK2FUMQtowVP00mtIksrlZhdFXQZPC+taih1q4CvPZ5vqdxR/LKBaFg0oAfzd1GlHZXXSPdQfzQnt+ViGvEIQ==}

  pako@1.0.11:
    resolution: {integrity: sha512-4hLB8Py4zZce5s4yd9XzopqwVv/yGNhV1Bl8NTmCq1763HeK2+EwVTv+leGeL13Dnh2wfbqowVPXCIO0z4taYw==}

  pdf-lib@1.17.1:
    resolution: {integrity: sha512-V/mpyJAoTsN4cnP31vc0wfNA1+p20evqqnap0KLoRUN0Yk/p3wN52DOEsL4oBFcLdb76hlpKPtzJIgo67j/XLw==}

  pdfjs-dist@6.0.227:
    resolution: {integrity: sha512-/P6M4SXw+70waMVLUM7rdRtvo+dEzqE1t6W/zQNvBETo2MaRa5rrvCcAYdfWGiUzadTgM0lJmRApUrW0d9zgKg==}
    engines: {node: '>=22.13.0 || >=24'}

  tslib@1.14.1:
    resolution: {integrity: sha512-Xni35NKzjgMrwevysHTCArtLDpPvye8zV/0E4EyYn43P7/7qvQwPh9BGkHewbMulVntbigmcT7rdX3BNo9wRJg==}

snapshots:

  '@napi-rs/canvas-android-arm64@1.0.1':
    optional: true

  '@napi-rs/canvas-darwin-arm64@1.0.1':
    optional: true

  '@napi-rs/canvas-darwin-x64@1.0.1':
    optional: true

  '@napi-rs/canvas-linux-arm-gnueabihf@1.0.1':
    optional: true

  '@napi-rs/canvas-linux-arm64-gnu@1.0.1':
    optional: true

  '@napi-rs/canvas-linux-arm64-musl@1.0.1':
    optional: true

  '@napi-rs/canvas-linux-riscv64-gnu@1.0.1':
    optional: true

  '@napi-rs/canvas-linux-x64-gnu@1.0.1':
    optional: true

  '@napi-rs/canvas-linux-x64-musl@1.0.1':
    optional: true

  '@napi-rs/canvas-win32-arm64-msvc@1.0.1':
    optional: true

  '@napi-rs/canvas-win32-x64-msvc@1.0.1':
    optional: true

  '@napi-rs/canvas@1.0.1':
    optionalDependencies:
      '@napi-rs/canvas-android-arm64': 1.0.1
      '@napi-rs/canvas-darwin-arm64': 1.0.1
      '@napi-rs/canvas-darwin-x64': 1.0.1
      '@napi-rs/canvas-linux-arm-gnueabihf': 1.0.1
      '@napi-rs/canvas-linux-arm64-gnu': 1.0.1
      '@napi-rs/canvas-linux-arm64-musl': 1.0.1
      '@napi-rs/canvas-linux-riscv64-gnu': 1.0.1
      '@napi-rs/canvas-linux-x64-gnu': 1.0.1
      '@napi-rs/canvas-linux-x64-musl': 1.0.1
      '@napi-rs/canvas-win32-arm64-msvc': 1.0.1
      '@napi-rs/canvas-win32-x64-msvc': 1.0.1
    optional: true

  '@pdf-lib/standard-fonts@1.0.0':
    dependencies:
      pako: 1.0.11

  '@pdf-lib/upng@1.0.1':
    dependencies:
      pako: 1.0.11

  pako@1.0.11: {}

  pdf-lib@1.17.1:
    dependencies:
      '@pdf-lib/standard-fonts': 1.0.0
      '@pdf-lib/upng': 1.0.1
      pako: 1.0.11
      tslib: 1.14.1

  pdfjs-dist@6.0.227:
    optionalDependencies:
      '@napi-rs/canvas': 1.0.1

  tslib@1.14.1: {}
